
Microsoft Visual Studio Solution File, Format Version 11.00
# Visual C++ Express 2010
Project("{8BC9CEB8-8B4A-11D0-8D11-00A0C91BC942}") = "paren", "paren.vcxproj", "{77DA372F-6433-4C5C-BCF9-EC756095C8E7}"
EndProject
Global
	GlobalSection(SolutionConfigurationPlatforms) = preSolution
		Debug|Win32 = Debug|Win32
		Release|Win32 = Release|Win32
	EndGlobalSection
	GlobalSection(ProjectConfigurationPlatforms) = postSolution
		{77DA372F-6433-4C5C-BCF9-EC756095C8E7}.Debug|Win32.ActiveCfg = Debug|Win32
		{77DA372F-6433-4C5C-BCF9-EC756095C8E7}.Debug|Win32.Build.0 = Debug|Win32
		{77DA372F-6433-4C5C-BCF9-EC756095C8E7}.Release|Win32.ActiveCfg = Release|Win32
		{77DA372F-6433-4C5C-BCF9-EC756095C8E7}.Release|Win32.Build.0 = Release|Win32
	EndGlobalSection
	GlobalSection(SolutionProperties) = preSolution
		HideSolutionNode = FALSE
	EndGlobalSection
EndGlobal
