
Microsoft Visual Studio Solution File, Format Version 11.00
# Visual C++ Express 2010
Project("{8BC9CEB8-8B4A-11D0-8D11-00A0C91BC942}") = "clsocket", "clsocket.vcxproj", "{1F755016-E3F7-4723-BB19-C3E142120237}"
EndProject
Global
	GlobalSection(SolutionConfigurationPlatforms) = preSolution
		Debug|Win32 = Debug|Win32
		Release|Win32 = Release|Win32
	EndGlobalSection
	GlobalSection(ProjectConfigurationPlatforms) = postSolution
		{1F755016-E3F7-4723-BB19-C3E142120237}.Debug|Win32.ActiveCfg = Debug|Win32
		{1F755016-E3F7-4723-BB19-C3E142120237}.Debug|Win32.Build.0 = Debug|Win32
		{1F755016-E3F7-4723-BB19-C3E142120237}.Release|Win32.ActiveCfg = Release|Win32
		{1F755016-E3F7-4723-BB19-C3E142120237}.Release|Win32.Build.0 = Release|Win32
	EndGlobalSection
	GlobalSection(SolutionProperties) = preSolution
		HideSolutionNode = FALSE
	EndGlobalSection
EndGlobal
