
Microsoft Visual Studio Solution File, Format Version 11.00
# Visual Studio 2010
Project("{8BC9CEB8-8B4A-11D0-8D11-00A0C91BC942}") = "gmqcc", "gmqcc\gmqcc.vcxproj", "{A6BD74E1-31BB-4D00-A9E0-09FF1BC76ED6}"
EndProject
Project("{8BC9CEB8-8B4A-11D0-8D11-00A0C91BC942}") = "qcvm", "qcvm\qcvm.vcxproj", "{DC980E20-C7A8-4112-A517-631DBDA788E7}"
EndProject
Project("{8BC9CEB8-8B4A-11D0-8D11-00A0C91BC942}") = "pak", "pak\pak.vcxproj", "{A6F66BE9-57EF-4E93-AA9D-6E0C8B0990AD}"
EndProject
Project("{8BC9CEB8-8B4A-11D0-8D11-00A0C91BC942}") = "testsuite", "testsuite\testsuite.vcxproj", "{7E2839D9-9C1A-4489-9FF9-FDC854EBED3D}"
EndProject
Global
	GlobalSection(SolutionConfigurationPlatforms) = preSolution
		Debug|Win32 = Debug|Win32
		Release|Win32 = Release|Win32
	EndGlobalSection
	GlobalSection(ProjectConfigurationPlatforms) = postSolution
		{A6BD74E1-31BB-4D00-A9E0-09FF1BC76ED6}.Debug|Win32.ActiveCfg = Debug|Win32
		{A6BD74E1-31BB-4D00-A9E0-09FF1BC76ED6}.Debug|Win32.Build.0 = Debug|Win32
		{A6BD74E1-31BB-4D00-A9E0-09FF1BC76ED6}.Release|Win32.ActiveCfg = Release|Win32
		{A6BD74E1-31BB-4D00-A9E0-09FF1BC76ED6}.Release|Win32.Build.0 = Release|Win32
		{DC980E20-C7A8-4112-A517-631DBDA788E7}.Debug|Win32.ActiveCfg = Debug|Win32
		{DC980E20-C7A8-4112-A517-631DBDA788E7}.Debug|Win32.Build.0 = Debug|Win32
		{DC980E20-C7A8-4112-A517-631DBDA788E7}.Release|Win32.ActiveCfg = Release|Win32
		{DC980E20-C7A8-4112-A517-631DBDA788E7}.Release|Win32.Build.0 = Release|Win32
		{A6F66BE9-57EF-4E93-AA9D-6E0C8B0990AD}.Debug|Win32.ActiveCfg = Debug|Win32
		{A6F66BE9-57EF-4E93-AA9D-6E0C8B0990AD}.Debug|Win32.Build.0 = Debug|Win32
		{A6F66BE9-57EF-4E93-AA9D-6E0C8B0990AD}.Release|Win32.ActiveCfg = Release|Win32
		{A6F66BE9-57EF-4E93-AA9D-6E0C8B0990AD}.Release|Win32.Build.0 = Release|Win32
		{7E2839D9-9C1A-4489-9FF9-FDC854EBED3D}.Debug|Win32.ActiveCfg = Debug|Win32
		{7E2839D9-9C1A-4489-9FF9-FDC854EBED3D}.Debug|Win32.Build.0 = Debug|Win32
		{7E2839D9-9C1A-4489-9FF9-FDC854EBED3D}.Release|Win32.ActiveCfg = Release|Win32
		{7E2839D9-9C1A-4489-9FF9-FDC854EBED3D}.Release|Win32.Build.0 = Release|Win32
	EndGlobalSection
	GlobalSection(SolutionProperties) = preSolution
		HideSolutionNode = FALSE
	EndGlobalSection
EndGlobal
